
Microsoft Visual Studio Solution File, Format Version 12.00
# Visual Studio Version 17
VisualStudioVersion = 17.6.33829.357
MinimumVisualStudioVersion = 10.0.40219.1
Project("{FAE04EC0-301F-11D3-BF4B-00C04F79EFBC}") = "notif", "notif\notif.csproj", "{ACB3C5F9-1FC8-444B-8EB7-35946817558A}"
EndProject
Global
	GlobalSection(SolutionConfigurationPlatforms) = preSolution
		Debug|Any CPU = Debug|Any CPU
		Release|Any CPU = Release|Any CPU
	EndGlobalSection
	GlobalSection(ProjectConfigurationPlatforms) = postSolution
		{ACB3C5F9-1FC8-444B-8EB7-35946817558A}.Debug|Any CPU.ActiveCfg = Debug|Any CPU
		{ACB3C5F9-1FC8-444B-8EB7-35946817558A}.Debug|Any CPU.Build.0 = Debug|Any CPU
		{ACB3C5F9-1FC8-444B-8EB7-35946817558A}.Release|Any CPU.ActiveCfg = Release|Any CPU
		{ACB3C5F9-1FC8-444B-8EB7-35946817558A}.Release|Any CPU.Build.0 = Release|Any CPU
	EndGlobalSection
	GlobalSection(SolutionProperties) = preSolution
		HideSolutionNode = FALSE
	EndGlobalSection
	GlobalSection(ExtensibilityGlobals) = postSolution
		SolutionGuid = {F6271D85-A834-41AC-B158-6984AA829B37}
	EndGlobalSection
EndGlobal
